
Microsoft Visual Studio Solution File, Format Version 12.00
# Visual Studio Version 16
VisualStudioVersion = 16.0.31424.327
MinimumVisualStudioVersion = 10.0.40219.1
Project("{FAE04EC0-301F-11D3-BF4B-00C04F79EFBC}") = "CoffeeShop", "CoffeeShop\CoffeeShop.csproj", "{6E32D390-9BFC-405A-9953-1054559ACE36}"
EndProject
Global
	GlobalSection(SolutionConfigurationPlatforms) = preSolution
		Debug|Any CPU = Debug|Any CPU
		Release|Any CPU = Release|Any CPU
	EndGlobalSection
	GlobalSection(ProjectConfigurationPlatforms) = postSolution
		{6E32D390-9BFC-405A-9953-1054559ACE36}.Debug|Any CPU.ActiveCfg = Debug|Any CPU
		{6E32D390-9BFC-405A-9953-1054559ACE36}.Debug|Any CPU.Build.0 = Debug|Any CPU
		{6E32D390-9BFC-405A-9953-1054559ACE36}.Release|Any CPU.ActiveCfg = Release|Any CPU
		{6E32D390-9BFC-405A-9953-1054559ACE36}.Release|Any CPU.Build.0 = Release|Any CPU
	EndGlobalSection
	GlobalSection(SolutionProperties) = preSolution
		HideSolutionNode = FALSE
	EndGlobalSection
	GlobalSection(ExtensibilityGlobals) = postSolution
		SolutionGuid = {FFBB99F1-60C2-44AD-8DAC-EA6F8434E04B}
	EndGlobalSection
EndGlobal
